
Microsoft Visual Studio Solution File, Format Version 12.00
# Visual Studio 15
VisualStudioVersion = 15.0.27428.1
MinimumVisualStudioVersion = 10.0.40219.1
Project("{FAE04EC0-301F-11D3-BF4B-00C04F79EFBC}") = "MileageCalculator", "MileageCalculator\MileageCalculator.csproj", "{32BE4469-4260-4E80-B4D8-4800B524469E}"
EndProject
Project("{FAE04EC0-301F-11D3-BF4B-00C04F79EFBC}") = "MileageCalculator1", "MileageCalculator1\MileageCalculator1.csproj", "{20DCC257-E3F2-4523-887E-7478B508134E}"
EndProject
Global
	GlobalSection(SolutionConfigurationPlatforms) = preSolution
		Debug|Any CPU = Debug|Any CPU
		Release|Any CPU = Release|Any CPU
	EndGlobalSection
	GlobalSection(ProjectConfigurationPlatforms) = postSolution
		{32BE4469-4260-4E80-B4D8-4800B524469E}.Debug|Any CPU.ActiveCfg = Debug|Any CPU
		{32BE4469-4260-4E80-B4D8-4800B524469E}.Debug|Any CPU.Build.0 = Debug|Any CPU
		{32BE4469-4260-4E80-B4D8-4800B524469E}.Release|Any CPU.ActiveCfg = Release|Any CPU
		{32BE4469-4260-4E80-B4D8-4800B524469E}.Release|Any CPU.Build.0 = Release|Any CPU
		{20DCC257-E3F2-4523-887E-7478B508134E}.Debug|Any CPU.ActiveCfg = Debug|Any CPU
		{20DCC257-E3F2-4523-887E-7478B508134E}.Debug|Any CPU.Build.0 = Debug|Any CPU
		{20DCC257-E3F2-4523-887E-7478B508134E}.Release|Any CPU.ActiveCfg = Release|Any CPU
		{20DCC257-E3F2-4523-887E-7478B508134E}.Release|Any CPU.Build.0 = Release|Any CPU
	EndGlobalSection
	GlobalSection(SolutionProperties) = preSolution
		HideSolutionNode = FALSE
	EndGlobalSection
	GlobalSection(ExtensibilityGlobals) = postSolution
		SolutionGuid = {863628E2-0376-4C34-8090-CB7A4BC4C078}
	EndGlobalSection
EndGlobal
